// !$*UTF8*$!
{
	archiveVersion = 1;
	classes = {
	};
	objectVersion = 46;
	objects = {

/* Begin PBXBuildFile section */
		079ADA941C4D8A1A0071D034 /* AppDelegate.swift in Sources */ = {isa = PBXBuildFile; fileRef = 079ADA931C4D8A1A0071D034 /* AppDelegate.swift */; };
		079ADA961C4D8A1A0071D034 /* ViewController.swift in Sources */ = {isa = PBXBuildFile; fileRef = 079ADA951C4D8A1A0071D034 /* ViewController.swift */; };
		079ADA991C4D8A1A0071D034 /* Main.storyboard in Resources */ = {isa = PBXBuildFile; fileRef = 079ADA971C4D8A1A0071D034 /* Main.storyboard */; };
		079ADA9B1C4D8A1A0071D034 /* Assets.xcassets in Resources */ = {isa = PBXBuildFile; fileRef = 079ADA9A1C4D8A1A0071D034 /* Assets.xcassets */; };
		079ADA9E1C4D8A1A0071D034 /* LaunchScreen.storyboard in Resources */ = {isa = PBXBuildFile; fileRef = 079ADA9C1C4D8A1A0071D034 /* LaunchScreen.storyboard */; };
		079ADAA91C4D8A1A0071D034 /* retro_calculatorTests.swift in Sources */ = {isa = PBXBuildFile; fileRef = 079ADAA81C4D8A1A0071D034 /* retro_calculatorTests.swift */; };
		079ADAB41C4D8A1A0071D034 /* retro_calculatorUITests.swift in Sources */ = {isa = PBXBuildFile; fileRef = 079ADAB31C4D8A1A0071D034 /* retro_calculatorUITests.swift */; };
		079ADAC21C4DDF870071D034 /* Minecraft.ttf in Resources */ = {isa = PBXBuildFile; fileRef = 079ADAC11C4DDF870071D034 /* Minecraft.ttf */; settings = {ASSET_TAGS = (); }; };
		079ADAC31C4DDF870071D034 /* Minecraft.ttf in Resources */ = {isa = PBXBuildFile; fileRef = 079ADAC11C4DDF870071D034 /* Minecraft.ttf */; settings = {ASSET_TAGS = (); }; };
		079ADAC41C4DDF870071D034 /* Minecraft.ttf in Resources */ = {isa = PBXBuildFile; fileRef = 079ADAC11C4DDF870071D034 /* Minecraft.ttf */; settings = {ASSET_TAGS = (); }; };
/* End PBXBuildFile section */

/* Begin PBXContainerItemProxy section */
		079ADAA51C4D8A1A0071D034 /* PBXContainerItemProxy */ = {
			isa = PBXContainerItemProxy;
			containerPortal = 079ADA881C4D8A1A0071D034 /* Project object */;
			proxyType = 1;
			remoteGlobalIDString = 079ADA8F1C4D8A1A0071D034;
			remoteInfo = "retro-calculator";
		};
		079ADAB01C4D8A1A0071D034 /* PBXContainerItemProxy */ = {
			isa = PBXContainerItemProxy;
			containerPortal = 079ADA881C4D8A1A0071D034 /* Project object */;
			proxyType = 1;
			remoteGlobalIDString = 079ADA8F1C4D8A1A0071D034;
			remoteInfo = "retro-calculator";
		};
/* End PBXContainerItemProxy section */

/* Begin PBXFileReference section */
		079ADA901C4D8A1A0071D034 /* retro-calculator.app */ = {isa = PBXFileReference; explicitFileType = wrapper.application; includeInIndex = 0; path = "retro-calculator.app"; sourceTree = BUILT_PRODUCTS_DIR; };
		079ADA931C4D8A1A0071D034 /* AppDelegate.swift */ = {isa = PBXFileReference; lastKnownFileType = sourcecode.swift; path = AppDelegate.swift; sourceTree = "<group>"; };
		079ADA951C4D8A1A0071D034 /* ViewController.swift */ = {isa = PBXFileReference; lastKnownFileType = sourcecode.swift; path = ViewController.swift; sourceTree = "<group>"; };
		079ADA981C4D8A1A0071D034 /* Base */ = {isa = PBXFileReference; lastKnownFileType = file.storyboard; name = Base; path = Base.lproj/Main.storyboard; sourceTree = "<group>"; };
		079ADA9A1C4D8A1A0071D034 /* Assets.xcassets */ = {isa = PBXFileReference; lastKnownFileType = folder.assetcatalog; path = Assets.xcassets; sourceTree = "<group>"; };
		079ADA9D1C4D8A1A0071D034 /* Base */ = {isa = PBXFileReference; lastKnownFileType = file.storyboard; name = Base; path = Base.lproj/LaunchScreen.storyboard; sourceTree = "<group>"; };
		079ADA9F1C4D8A1A0071D034 /* Info.plist */ = {isa = PBXFileReference; lastKnownFileType = text.plist.xml; path = Info.plist; sourceTree = "<group>"; };
		079ADAA41C4D8A1A0071D034 /* retro-calculatorTests.xctest */ = {isa = PBXFileReference; explicitFileType = wrapper.cfbundle; includeInIndex = 0; path = "retro-calculatorTests.xctest"; sourceTree = BUILT_PRODUCTS_DIR; };
		079ADAA81C4D8A1A0071D034 /* retro_calculatorTests.swift */ = {isa = PBXFileReference; lastKnownFileType = sourcecode.swift; path = retro_calculatorTests.swift; sourceTree = "<group>"; };
		079ADAAA1C4D8A1A0071D034 /* Info.plist */ = {isa = PBXFileReference; lastKnownFileType = text.plist.xml; path = Info.plist; sourceTree = "<group>"; };
		079ADAAF1C4D8A1A0071D034 /* retro-calculatorUITests.xctest */ = {isa = PBXFileReference; explicitFileType = wrapper.cfbundle; includeInIndex = 0; path = "retro-calculatorUITests.xctest"; sourceTree = BUILT_PRODUCTS_DIR; };
		079ADAB31C4D8A1A0071D034 /* retro_calculatorUITests.swift */ = {isa = PBXFileReference; lastKnownFileType = sourcecode.swift; path = retro_calculatorUITests.swift; sourceTree = "<group>"; };
		079ADAB51C4D8A1A0071D034 /* Info.plist */ = {isa = PBXFileReference; lastKnownFileType = text.plist.xml; path = Info.plist; sourceTree = "<group>"; };
		079ADAC11C4DDF870071D034 /* Minecraft.ttf */ = {isa = PBXFileReference; lastKnownFileType = file; path = Minecraft.ttf; sourceTree = "<group>"; };
/* End PBXFileReference section */

/* Begin PBXFrameworksBuildPhase section */
		079ADA8D1C4D8A1A0071D034 /* Frameworks */ = {
			isa = PBXFrameworksBuildPhase;
			buildActionMask = 2147483647;
			files = (
			);
			runOnlyForDeploymentPostprocessing = 0;
		};
		079ADAA11C4D8A1A0071D034 /* Frameworks */ = {
			isa = PBXFrameworksBuildPhase;
			buildActionMask = 2147483647;
			files = (
			);
			runOnlyForDeploymentPostprocessing = 0;
		};
		079ADAAC1C4D8A1A0071D034 /* Frameworks */ = {
			isa = PBXFrameworksBuildPhase;
			buildActionMask = 2147483647;
			files = (
			);
			runOnlyForDeploymentPostprocessing = 0;
		};
/* End PBXFrameworksBuildPhase section */

/* Begin PBXGroup section */
		079ADA871C4D8A1A0071D034 = {
			isa = PBXGroup;
			children = (
				079ADA921C4D8A1A0071D034 /* retro-calculator */,
				079ADAA71C4D8A1A0071D034 /* retro-calculatorTests */,
				079ADAB21C4D8A1A0071D034 /* retro-calculatorUITests */,
				079ADA911C4D8A1A0071D034 /* Products */,
			);
			sourceTree = "<group>";
		};
		079ADA911C4D8A1A0071D034 /* Products */ = {
			isa = PBXGroup;
			children = (
				079ADA901C4D8A1A0071D034 /* retro-calculator.app */,
				079ADAA41C4D8A1A0071D034 /* retro-calculatorTests.xctest */,
				079ADAAF1C4D8A1A0071D034 /* retro-calculatorUITests.xctest */,
			);
			name = Products;
			sourceTree = "<group>";
		};
		079ADA921C4D8A1A0071D034 /* retro-calculator */ = {
			isa = PBXGroup;
			children = (
				079ADAC11C4DDF870071D034 /* Minecraft.ttf */,
				079ADA931C4D8A1A0071D034 /* AppDelegate.swift */,
				079ADA951C4D8A1A0071D034 /* ViewController.swift */,
				079ADA971C4D8A1A0071D034 /* Main.storyboard */,
				079ADA9A1C4D8A1A0071D034 /* Assets.xcassets */,
				079ADA9C1C4D8A1A0071D034 /* LaunchScreen.storyboard */,
				079ADA9F1C4D8A1A0071D034 /* Info.plist */,
			);
			path = "retro-calculator";
			sourceTree = "<group>";
		};
		079ADAA71C4D8A1A0071D034 /* retro-calculatorTests */ = {
			isa = PBXGroup;
			children = (
				079ADAA81C4D8A1A0071D034 /* retro_calculatorTests.swift */,
				079ADAAA1C4D8A1A0071D034 /* Info.plist */,
			);
			path = "retro-calculatorTests";
			sourceTree = "<group>";
		};
		079ADAB21C4D8A1A0071D034 /* retro-calculatorUITests */ = {
			isa = PBXGroup;
			children = (
				079ADAB31C4D8A1A0071D034 /* retro_calculatorUITests.swift */,
				079ADAB51C4D8A1A0071D034 /* Info.plist */,
			);
			path = "retro-calculatorUITests";
			sourceTree = "<group>";
		};
/* End PBXGroup section */

/* Begin PBXNativeTarget section */
		079ADA8F1C4D8A1A0071D034 /* retro-calculator */ = {
			isa = PBXNativeTarget;
			buildConfigurationList = 079ADAB81C4D8A1A0071D034 /* Build configuration list for PBXNativeTarget "retro-calculator" */;
			buildPhases = (
				079ADA8C1C4D8A1A0071D034 /* Sources */,
				079ADA8D1C4D8A1A0071D034 /* Frameworks */,
				079ADA8E1C4D8A1A0071D034 /* Resources */,
			);
			buildRules = (
			);
			dependencies = (
			);
			name = "retro-calculator";
			productName = "retro-calculator";
			productReference = 079ADA901C4D8A1A0071D034 /* retro-calculator.app */;
			productType = "com.apple.product-type.application";
		};
		079ADAA31C4D8A1A0071D034 /* retro-calculatorTests */ = {
			isa = PBXNativeTarget;
			buildConfigurationList = 079ADABB1C4D8A1A0071D034 /* Build configuration list for PBXNativeTarget "retro-calculatorTests" */;
			buildPhases = (
				079ADAA01C4D8A1A0071D034 /* Sources */,
				079ADAA11C4D8A1A0071D034 /* Frameworks */,
				079ADAA21C4D8A1A0071D034 /* Resources */,
			);
			buildRules = (
			);
			dependencies = (
				079ADAA61C4D8A1A0071D034 /* PBXTargetDependency */,
			);
			name = "retro-calculatorTests";
			productName = "retro-calculatorTests";
			productReference = 079ADAA41C4D8A1A0071D034 /* retro-calculatorTests.xctest */;
			productType = "com.apple.product-type.bundle.unit-test";
		};
		079ADAAE1C4D8A1A0071D034 /* retro-calculatorUITests */ = {
			isa = PBXNativeTarget;
			buildConfigurationList = 079ADABE1C4D8A1A0071D034 /* Build configuration list for PBXNativeTarget "retro-calculatorUITests" */;
			buildPhases = (
				079ADAAB1C4D8A1A0071D034 /* Sources */,
				079ADAAC1C4D8A1A0071D034 /* Frameworks */,
				079ADAAD1C4D8A1A0071D034 /* Resources */,
			);
			buildRules = (
			);
			dependencies = (
				079ADAB11C4D8A1A0071D034 /* PBXTargetDependency */,
			);
			name = "retro-calculatorUITests";
			productName = "retro-calculatorUITests";
			productReference = 079ADAAF1C4D8A1A0071D034 /* retro-calculatorUITests.xctest */;
			productType = "com.apple.product-type.bundle.ui-testing";
		};
/* End PBXNativeTarget section */

/* Begin PBXProject section */
		079ADA881C4D8A1A0071D034 /* Project object */ = {
			isa = PBXProject;
			attributes = {
				LastUpgradeCheck = 0700;
				ORGANIZATIONNAME = "Carlos Aguilar";
				TargetAttributes = {
					079ADA8F1C4D8A1A0071D034 = {
						CreatedOnToolsVersion = 7.0;
					};
					079ADAA31C4D8A1A0071D034 = {
						CreatedOnToolsVersion = 7.0;
						TestTargetID = 079ADA8F1C4D8A1A0071D034;
					};
					079ADAAE1C4D8A1A0071D034 = {
						CreatedOnToolsVersion = 7.0;
						TestTargetID = 079ADA8F1C4D8A1A0071D034;
					};
				};
			};
			buildConfigurationList = 079ADA8B1C4D8A1A0071D034 /* Build configuration list for PBXProject "retro-calculator" */;
			compatibilityVersion = "Xcode 3.2";
			developmentRegion = English;
			hasScannedForEncodings = 0;
			knownRegions = (
				en,
				Base,
			);
			mainGroup = 079ADA871C4D8A1A0071D034;
			productRefGroup = 079ADA911C4D8A1A0071D034 /* Products */;
			projectDirPath = "";
			projectRoot = "";
			targets = (
				079ADA8F1C4D8A1A0071D034 /* retro-calculator */,
				079ADAA31C4D8A1A0071D034 /* retro-calculatorTests */,
				079ADAAE1C4D8A1A0071D034 /* retro-calculatorUITests */,
			);
		};
/* End PBXProject section */

/* Begin PBXResourcesBuildPhase section */
		079ADA8E1C4D8A1A0071D034 /* Resources */ = {
			isa = PBXResourcesBuildPhase;
			buildActionMask = 2147483647;
			files = (
				079ADA9E1C4D8A1A0071D034 /* LaunchScreen.storyboard in Resources */,
				079ADA9B1C4D8A1A0071D034 /* Assets.xcassets in Resources */,
				079ADAC21C4DDF870071D034 /* Minecraft.ttf in Resources */,
				079ADA991C4D8A1A0071D034 /* Main.storyboard in Resources */,
			);
			runOnlyForDeploymentPostprocessing = 0;
		};
		079ADAA21C4D8A1A0071D034 /* Resources */ = {
			isa = PBXResourcesBuildPhase;
			buildActionMask = 2147483647;
			files = (
				079ADAC31C4DDF870071D034 /* Minecraft.ttf in Resources */,
			);
			runOnlyForDeploymentPostprocessing = 0;
		};
		079ADAAD1C4D8A1A0071D034 /* Resources */ = {
			isa = PBXResourcesBuildPhase;
			buildActionMask = 2147483647;
			files = (
				079ADAC41C4DDF870071D034 /* Minecraft.ttf in Resources */,
			);
			runOnlyForDeploymentPostprocessing = 0;
		};
/* End PBXResourcesBuildPhase section */

/* Begin PBXSourcesBuildPhase section */
		079ADA8C1C4D8A1A0071D034 /* Sources */ = {
			isa = PBXSourcesBuildPhase;
			buildActionMask = 2147483647;
			files = (
				079ADA961C4D8A1A0071D034 /* ViewController.swift in Sources */,
				079ADA941C4D8A1A0071D034 /* AppDelegate.swift in Sources */,
			);
			runOnlyForDeploymentPostprocessing = 0;
		};
		079ADAA01C4D8A1A0071D034 /* Sources */ = {
			isa = PBXSourcesBuildPhase;
			buildActionMask = 2147483647;
			files = (
				079ADAA91C4D8A1A0071D034 /* retro_calculatorTests.swift in Sources */,
			);
			runOnlyForDeploymentPostprocessing = 0;
		};
		079ADAAB1C4D8A1A0071D034 /* Sources */ = {
			isa = PBXSourcesBuildPhase;
			buildActionMask = 2147483647;
			files = (
				079ADAB41C4D8A1A0071D034 /* retro_calculatorUITests.swift in Sources */,
			);
			runOnlyForDeploymentPostprocessing = 0;
		};
/* End PBXSourcesBuildPhase section */

/* Begin PBXTargetDependency section */
		079ADAA61C4D8A1A0071D034 /* PBXTargetDependency */ = {
			isa = PBXTargetDependency;
			target = 079ADA8F1C4D8A1A0071D034 /* retro-calculator */;
			targetProxy = 079ADAA51C4D8A1A0071D034 /* PBXContainerItemProxy */;
		};
		079ADAB11C4D8A1A0071D034 /* PBXTargetDependency */ = {
			isa = PBXTargetDependency;
			target = 079ADA8F1C4D8A1A0071D034 /* retro-calculator */;
			targetProxy = 079ADAB01C4D8A1A0071D034 /* PBXContainerItemProxy */;
		};
/* End PBXTargetDependency section */

/* Begin PBXVariantGroup section */
		079ADA971C4D8A1A0071D034 /* Main.storyboard */ = {
			isa = PBXVariantGroup;
			children = (
				079ADA981C4D8A1A0071D034 /* Base */,
			);
			name = Main.storyboard;
			sourceTree = "<group>";
		};
		079ADA9C1C4D8A1A0071D034 /* LaunchScreen.storyboard */ = {
			isa = PBXVariantGroup;
			children = (
				079ADA9D1C4D8A1A0071D034 /* Base */,
			);
			name = LaunchScreen.storyboard;
			sourceTree = "<group>";
		};
/* End PBXVariantGroup section */

/* Begin XCBuildConfiguration section */
		079ADAB61C4D8A1A0071D034 /* Debug */ = {
			isa = XCBuildConfiguration;
			buildSettings = {
				ALWAYS_SEARCH_USER_PATHS = NO;
				CLANG_CXX_LANGUAGE_STANDARD = "gnu++0x";
				CLANG_CXX_LIBRARY = "libc++";
				CLANG_ENABLE_MODULES = YES;
				CLANG_ENABLE_OBJC_ARC = YES;
				CLANG_WARN_BOOL_CONVERSION = YES;
				CLANG_WARN_CONSTANT_CONVERSION = YES;
				CLANG_WARN_DIRECT_OBJC_ISA_USAGE = YES_ERROR;
				CLANG_WARN_EMPTY_BODY = YES;
				CLANG_WARN_ENUM_CONVERSION = YES;
				CLANG_WARN_INT_CONVERSION = YES;
				CLANG_WARN_OBJC_ROOT_CLASS = YES_ERROR;
				CLANG_WARN_UNREACHABLE_CODE = YES;
				CLANG_WARN__DUPLICATE_METHOD_MATCH = YES;
				"CODE_SIGN_IDENTITY[sdk=iphoneos*]" = "iPhone Developer";
				COPY_PHASE_STRIP = NO;
				DEBUG_INFORMATION_FORMAT = dwarf;
				ENABLE_STRICT_OBJC_MSGSEND = YES;
				ENABLE_TESTABILITY = YES;
				GCC_C_LANGUAGE_STANDARD = gnu99;
				GCC_DYNAMIC_NO_PIC = NO;
				GCC_NO_COMMON_BLOCKS = YES;
				GCC_OPTIMIZATION_LEVEL = 0;
				GCC_PREPROCESSOR_DEFINITIONS = (
					"DEBUG=1",
					"$(inherited)",
				);
				GCC_WARN_64_TO_32_BIT_CONVERSION = YES;
				GCC_WARN_ABOUT_RETURN_TYPE = YES_ERROR;
				GCC_WARN_UNDECLARED_SELECTOR = YES;
				GCC_WARN_UNINITIALIZED_AUTOS = YES_AGGRESSIVE;
				GCC_WARN_UNUSED_FUNCTION = YES;
				GCC_WARN_UNUSED_VARIABLE = YES;
				IPHONEOS_DEPLOYMENT_TARGET = 9.0;
				MTL_ENABLE_DEBUG_INFO = YES;
				ONLY_ACTIVE_ARCH = YES;
				SDKROOT = iphoneos;
				SWIFT_OPTIMIZATION_LEVEL = "-Onone";
				TARGETED_DEVICE_FAMILY = "1,2";
			};
			name = Debug;
		};
		079ADAB71C4D8A1A0071D034 /* Release */ = {
			isa = XCBuildConfiguration;
			buildSettings = {
				ALWAYS_SEARCH_USER_PATHS = NO;
				CLANG_CXX_LANGUAGE_STANDARD = "gnu++0x";
				CLANG_CXX_LIBRARY = "libc++";
				CLANG_ENABLE_MODULES = YES;
				CLANG_ENABLE_OBJC_ARC = YES;
				CLANG_WARN_BOOL_CONVERSION = YES;
				CLANG_WARN_CONSTANT_CONVERSION = YES;
				CLANG_WARN_DIRECT_OBJC_ISA_USAGE = YES_ERROR;
				CLANG_WARN_EMPTY_BODY = YES;
				CLANG_WARN_ENUM_CONVERSION = YES;
				CLANG_WARN_INT_CONVERSION = YES;
				CLANG_WARN_OBJC_ROOT_CLASS = YES_ERROR;
				CLANG_WARN_UNREACHABLE_CODE = YES;
				CLANG_WARN__DUPLICATE_METHOD_MATCH = YES;
				"CODE_SIGN_IDENTITY[sdk=iphoneos*]" = "iPhone Developer";
				COPY_PHASE_STRIP = NO;
				DEBUG_INFORMATION_FORMAT = "dwarf-with-dsym";
				ENABLE_NS_ASSERTIONS = NO;
				ENABLE_STRICT_OBJC_MSGSEND = YES;
				GCC_C_LANGUAGE_STANDARD = gnu99;
				GCC_NO_COMMON_BLOCKS = YES;
				GCC_WARN_64_TO_32_BIT_CONVERSION = YES;
				GCC_WARN_ABOUT_RETURN_TYPE = YES_ERROR;
				GCC_WARN_UNDECLARED_SELECTOR = YES;
				GCC_WARN_UNINITIALIZED_AUTOS = YES_AGGRESSIVE;
				GCC_WARN_UNUSED_FUNCTION = YES;
				GCC_WARN_UNUSED_VARIABLE = YES;
				IPHONEOS_DEPLOYMENT_TARGET = 9.0;
				MTL_ENABLE_DEBUG_INFO = NO;
				SDKROOT = iphoneos;
				TARGETED_DEVICE_FAMILY = "1,2";
				VALIDATE_PRODUCT = YES;
			};
			name = Release;
		};
		079ADAB91C4D8A1A0071D034 /* Debug */ = {
			isa = XCBuildConfiguration;
			buildSettings = {
				ASSETCATALOG_COMPILER_APPICON_NAME = AppIcon;
				INFOPLIST_FILE = "retro-calculator/Info.plist";
				LD_RUNPATH_SEARCH_PATHS = "$(inherited) @executable_path/Frameworks";
				PRODUCT_BUNDLE_IDENTIFIER = "com.tahue.retro-calculator";
				PRODUCT_NAME = "$(TARGET_NAME)";
			};
			name = Debug;
		};
		079ADABA1C4D8A1A0071D034 /* Release */ = {
			isa = XCBuildConfiguration;
			buildSettings = {
				ASSETCATALOG_COMPILER_APPICON_NAME = AppIcon;
				INFOPLIST_FILE = "retro-calculator/Info.plist";
				LD_RUNPATH_SEARCH_PATHS = "$(inherited) @executable_path/Frameworks";
				PRODUCT_BUNDLE_IDENTIFIER = "com.tahue.retro-calculator";
				PRODUCT_NAME = "$(TARGET_NAME)";
			};
			name = Release;
		};
		079ADABC1C4D8A1A0071D034 /* Debug */ = {
			isa = XCBuildConfiguration;
			buildSettings = {
				BUNDLE_LOADER = "$(TEST_HOST)";
				INFOPLIST_FILE = "retro-calculatorTests/Info.plist";
				LD_RUNPATH_SEARCH_PATHS = "$(inherited) @executable_path/Frameworks @loader_path/Frameworks";
				PRODUCT_BUNDLE_IDENTIFIER = "com.tahue.donata.retro-calculatorTests";
				PRODUCT_NAME = "$(TARGET_NAME)";
				TEST_HOST = "$(BUILT_PRODUCTS_DIR)/retro-calculator.app/retro-calculator";
			};
			name = Debug;
		};
		079ADABD1C4D8A1A0071D034 /* Release */ = {
			isa = XCBuildConfiguration;
			buildSettings = {
				BUNDLE_LOADER = "$(TEST_HOST)";
				INFOPLIST_FILE = "retro-calculatorTests/Info.plist";
				LD_RUNPATH_SEARCH_PATHS = "$(inherited) @executable_path/Frameworks @loader_path/Frameworks";
				PRODUCT_BUNDLE_IDENTIFIER = "com.tahue.donata.retro-calculatorTests";
				PRODUCT_NAME = "$(TARGET_NAME)";
				TEST_HOST = "$(BUILT_PRODUCTS_DIR)/retro-calculator.app/retro-calculator";
			};
			name = Release;
		};
		079ADABF1C4D8A1A0071D034 /* Debug */ = {
			isa = XCBuildConfiguration;
			buildSettings = {
				INFOPLIST_FILE = "retro-calculatorUITests/Info.plist";
				LD_RUNPATH_SEARCH_PATHS = "$(inherited) @executable_path/Frameworks @loader_path/Frameworks";
				PRODUCT_BUNDLE_IDENTIFIER = "com.tahue.donata.retro-calculatorUITests";
				PRODUCT_NAME = "$(TARGET_NAME)";
				TEST_TARGET_NAME = "retro-calculator";
				USES_XCTRUNNER = YES;
			};
			name = Debug;
		};
		079ADAC01C4D8A1A0071D034 /* Release */ = {
			isa = XCBuildConfiguration;
			buildSettings = {
				INFOPLIST_FILE = "retro-calculatorUITests/Info.plist";
				LD_RUNPATH_SEARCH_PATHS = "$(inherited) @executable_path/Frameworks @loader_path/Frameworks";
				PRODUCT_BUNDLE_IDENTIFIER = "com.tahue.donata.retro-calculatorUITests";
				PRODUCT_NAME = "$(TARGET_NAME)";
				TEST_TARGET_NAME = "retro-calculator";
				USES_XCTRUNNER = YES;
			};
			name = Release;
		};
/* End XCBuildConfiguration section */

/* Begin XCConfigurationList section */
		079ADA8B1C4D8A1A0071D034 /* Build configuration list for PBXProject "retro-calculator" */ = {
			isa = XCConfigurationList;
			buildConfigurations = (
				079ADAB61C4D8A1A0071D034 /* Debug */,
				079ADAB71C4D8A1A0071D034 /* Release */,
			);
			defaultConfigurationIsVisible = 0;
			defaultConfigurationName = Release;
		};
		079ADAB81C4D8A1A0071D034 /* Build configuration list for PBXNativeTarget "retro-calculator" */ = {
			isa = XCConfigurationList;
			buildConfigurations = (
				079ADAB91C4D8A1A0071D034 /* Debug */,
				079ADABA1C4D8A1A0071D034 /* Release */,
			);
			defaultConfigurationIsVisible = 0;
		};
		079ADABB1C4D8A1A0071D034 /* Build configuration list for PBXNativeTarget "retro-calculatorTests" */ = {
			isa = XCConfigurationList;
			buildConfigurations = (
				079ADABC1C4D8A1A0071D034 /* Debug */,
				079ADABD1C4D8A1A0071D034 /* Release */,
			);
			defaultConfigurationIsVisible = 0;
		};
		079ADABE1C4D8A1A0071D034 /* Build configuration list for PBXNativeTarget "retro-calculatorUITests" */ = {
			isa = XCConfigurationList;
			buildConfigurations = (
				079ADABF1C4D8A1A0071D034 /* Debug */,
				079ADAC01C4D8A1A0071D034 /* Release */,
			);
			defaultConfigurationIsVisible = 0;
		};
/* End XCConfigurationList section */
	};
	rootObject = 079ADA881C4D8A1A0071D034 /* Project object */;
}
